
Microsoft Visual Studio Solution File, Format Version 12.00
# Visual Studio Version 16
VisualStudioVersion = 16.0.29201.188
MinimumVisualStudioVersion = 10.0.40219.1
Project("{FAE04EC0-301F-11D3-BF4B-00C04F79EFBC}") = "TestArduino", "TestArduino\TestArduino.csproj", "{57BB0152-A40E-48A1-8F54-3BFC7FA4101A}"
EndProject
Global
	GlobalSection(SolutionConfigurationPlatforms) = preSolution
		Debug|Any CPU = Debug|Any CPU
		Release|Any CPU = Release|Any CPU
	EndGlobalSection
	GlobalSection(ProjectConfigurationPlatforms) = postSolution
		{57BB0152-A40E-48A1-8F54-3BFC7FA4101A}.Debug|Any CPU.ActiveCfg = Debug|Any CPU
		{57BB0152-A40E-48A1-8F54-3BFC7FA4101A}.Debug|Any CPU.Build.0 = Debug|Any CPU
		{57BB0152-A40E-48A1-8F54-3BFC7FA4101A}.Release|Any CPU.ActiveCfg = Release|Any CPU
		{57BB0152-A40E-48A1-8F54-3BFC7FA4101A}.Release|Any CPU.Build.0 = Release|Any CPU
	EndGlobalSection
	GlobalSection(SolutionProperties) = preSolution
		HideSolutionNode = FALSE
	EndGlobalSection
	GlobalSection(ExtensibilityGlobals) = postSolution
		SolutionGuid = {EB868063-4AAA-4FA5-991A-8AF142DAAA6D}
	EndGlobalSection
EndGlobal
